// !$*UTF8*$!
{
	archiveVersion = 1;
	classes = {
	};
	objectVersion = 55;
	objects = {

/* Begin PBXBuildFile section */
		4D26B9F127EF6D9500AADB76 /* LoginAlertController.swift in Sources */ = {isa = PBXBuildFile; fileRef = 4D26B9F027EF6D9500AADB76 /* LoginAlertController.swift */; };
		4DBB482527B5165900B4E989 /* AppDelegate.swift in Sources */ = {isa = PBXBuildFile; fileRef = 4DBB482427B5165900B4E989 /* AppDelegate.swift */; };
		4DBB482727B5165900B4E989 /* SceneDelegate.swift in Sources */ = {isa = PBXBuildFile; fileRef = 4DBB482627B5165900B4E989 /* SceneDelegate.swift */; };
		4DBB482E27B5165B00B4E989 /* Assets.xcassets in Resources */ = {isa = PBXBuildFile; fileRef = 4DBB482D27B5165B00B4E989 /* Assets.xcassets */; };
		4DBB483127B5165B00B4E989 /* LaunchScreen.storyboard in Resources */ = {isa = PBXBuildFile; fileRef = 4DBB482F27B5165B00B4E989 /* LaunchScreen.storyboard */; };
		4DD8774C27B79AC8000031F4 /* Post.swift in Sources */ = {isa = PBXBuildFile; fileRef = 4DD8774B27B79AC8000031F4 /* Post.swift */; };
		4DD8774E27B7AC3E000031F4 /* InfoViewController.swift in Sources */ = {isa = PBXBuildFile; fileRef = 4DD8774D27B7AC3E000031F4 /* InfoViewController.swift */; };
		4DD8775227B7B0A7000031F4 /* AlertController.swift in Sources */ = {isa = PBXBuildFile; fileRef = 4DD8775127B7B0A7000031F4 /* AlertController.swift */; };
		4DD8775427B7CEC3000031F4 /* TabBarController.swift in Sources */ = {isa = PBXBuildFile; fileRef = 4DD8775327B7CEC3000031F4 /* TabBarController.swift */; };
		4DDD35BC27B699F500A5C29B /* FeedViewController.swift in Sources */ = {isa = PBXBuildFile; fileRef = 4DDD35BB27B699F500A5C29B /* FeedViewController.swift */; };
		4DDD35C027B69A5400A5C29B /* ProfileViewController.swift in Sources */ = {isa = PBXBuildFile; fileRef = 4DDD35BF27B69A5400A5C29B /* ProfileViewController.swift */; };
		4DDD35C227B69A6800A5C29B /* PostViewController.swift in Sources */ = {isa = PBXBuildFile; fileRef = 4DDD35C127B69A6800A5C29B /* PostViewController.swift */; };
		4DE4C69027C61EBD00FA7E77 /* LogInViewController.swift in Sources */ = {isa = PBXBuildFile; fileRef = 4DE4C68F27C61EBD00FA7E77 /* LogInViewController.swift */; };
		4DE4C69227C6215E00FA7E77 /* LoginHeaderView.swift in Sources */ = {isa = PBXBuildFile; fileRef = 4DE4C69127C6215D00FA7E77 /* LoginHeaderView.swift */; };
		4DE4C69D27C6A37400FA7E77 /* UIColorFromHex.swift in Sources */ = {isa = PBXBuildFile; fileRef = 4DE4C69C27C6A37400FA7E77 /* UIColorFromHex.swift */; };
		4DE4C69F27C6A3A400FA7E77 /* UIImageAlphaChange.swift in Sources */ = {isa = PBXBuildFile; fileRef = 4DE4C69E27C6A3A400FA7E77 /* UIImageAlphaChange.swift */; };
		4DE4C6A427C6A6E200FA7E77 /* ButtonDelegate.swift in Sources */ = {isa = PBXBuildFile; fileRef = 4DE4C6A327C6A6E200FA7E77 /* ButtonDelegate.swift */; };
		4DE4C6A827C6CE3C00FA7E77 /* PostTableViewCell.swift in Sources */ = {isa = PBXBuildFile; fileRef = 4DE4C6A727C6CE3C00FA7E77 /* PostTableViewCell.swift */; };
		4DE4C6AA27C6CED900FA7E77 /* Setupable.swift in Sources */ = {isa = PBXBuildFile; fileRef = 4DE4C6A927C6CED900FA7E77 /* Setupable.swift */; };
		4DE4C6AC27C7FB3700FA7E77 /* testPosts.swift in Sources */ = {isa = PBXBuildFile; fileRef = 4DE4C6AB27C7FB3700FA7E77 /* testPosts.swift */; };
		4DE5ACBD27C9122B00471282 /* PhotosTableViewCell.swift in Sources */ = {isa = PBXBuildFile; fileRef = 4DE5ACBC27C9122A00471282 /* PhotosTableViewCell.swift */; };
		4DE5ACBF27C94DF300471282 /* testPhoto.swift in Sources */ = {isa = PBXBuildFile; fileRef = 4DE5ACBE27C94DF300471282 /* testPhoto.swift */; };
		4DE5ACC127C95EA300471282 /* DefaultHeader.swift in Sources */ = {isa = PBXBuildFile; fileRef = 4DE5ACC027C95EA300471282 /* DefaultHeader.swift */; };
		4DE5ACC327CA2CCC00471282 /* PhotosViewController.swift in Sources */ = {isa = PBXBuildFile; fileRef = 4DE5ACC227CA2CCC00471282 /* PhotosViewController.swift */; };
		4DE5ACC527CA2D3C00471282 /* PhotosCollectionViewCell.swift in Sources */ = {isa = PBXBuildFile; fileRef = 4DE5ACC427CA2D3C00471282 /* PhotosCollectionViewCell.swift */; };
		4DE5ACC727CA79DD00471282 /* GestureViewController.swift in Sources */ = {isa = PBXBuildFile; fileRef = 4DE5ACC627CA79DD00471282 /* GestureViewController.swift */; };
		4DF831DB27B7D913005FA36D /* ProfileHeader.swift in Sources */ = {isa = PBXBuildFile; fileRef = 4DF831DA27B7D913005FA36D /* ProfileHeader.swift */; };
		4DF831E227BBFD14005FA36D /* HideKeyboard.swift in Sources */ = {isa = PBXBuildFile; fileRef = 4DF831E127BBFD14005FA36D /* HideKeyboard.swift */; };
/* End PBXBuildFile section */

/* Begin PBXFileReference section */
		4D26B9F027EF6D9500AADB76 /* LoginAlertController.swift */ = {isa = PBXFileReference; lastKnownFileType = sourcecode.swift; path = LoginAlertController.swift; sourceTree = "<group>"; };
		4DBB482127B5165900B4E989 /* Navigation.app */ = {isa = PBXFileReference; explicitFileType = wrapper.application; includeInIndex = 0; path = Navigation.app; sourceTree = BUILT_PRODUCTS_DIR; };
		4DBB482427B5165900B4E989 /* AppDelegate.swift */ = {isa = PBXFileReference; lastKnownFileType = sourcecode.swift; path = AppDelegate.swift; sourceTree = "<group>"; };
		4DBB482627B5165900B4E989 /* SceneDelegate.swift */ = {isa = PBXFileReference; lastKnownFileType = sourcecode.swift; path = SceneDelegate.swift; sourceTree = "<group>"; };
		4DBB482D27B5165B00B4E989 /* Assets.xcassets */ = {isa = PBXFileReference; lastKnownFileType = folder.assetcatalog; path = Assets.xcassets; sourceTree = "<group>"; };
		4DBB483027B5165B00B4E989 /* Base */ = {isa = PBXFileReference; lastKnownFileType = file.storyboard; name = Base; path = Base.lproj/LaunchScreen.storyboard; sourceTree = "<group>"; };
		4DBB483227B5165B00B4E989 /* Info.plist */ = {isa = PBXFileReference; lastKnownFileType = text.plist.xml; name = Info.plist; path = Navigation/Resourses/Info.plist; sourceTree = SOURCE_ROOT; };
		4DD8774B27B79AC8000031F4 /* Post.swift */ = {isa = PBXFileReference; lastKnownFileType = sourcecode.swift; path = Post.swift; sourceTree = "<group>"; };
		4DD8774D27B7AC3E000031F4 /* InfoViewController.swift */ = {isa = PBXFileReference; lastKnownFileType = sourcecode.swift; path = InfoViewController.swift; sourceTree = "<group>"; };
		4DD8775127B7B0A7000031F4 /* AlertController.swift */ = {isa = PBXFileReference; lastKnownFileType = sourcecode.swift; path = AlertController.swift; sourceTree = "<group>"; };
		4DD8775327B7CEC3000031F4 /* TabBarController.swift */ = {isa = PBXFileReference; lastKnownFileType = sourcecode.swift; path = TabBarController.swift; sourceTree = "<group>"; };
		4DDD35BB27B699F500A5C29B /* FeedViewController.swift */ = {isa = PBXFileReference; lastKnownFileType = sourcecode.swift; path = FeedViewController.swift; sourceTree = "<group>"; };
		4DDD35BF27B69A5400A5C29B /* ProfileViewController.swift */ = {isa = PBXFileReference; lastKnownFileType = sourcecode.swift; path = ProfileViewController.swift; sourceTree = "<group>"; };
		4DDD35C127B69A6800A5C29B /* PostViewController.swift */ = {isa = PBXFileReference; lastKnownFileType = sourcecode.swift; path = PostViewController.swift; sourceTree = "<group>"; };
		4DE4C68F27C61EBD00FA7E77 /* LogInViewController.swift */ = {isa = PBXFileReference; lastKnownFileType = sourcecode.swift; path = LogInViewController.swift; sourceTree = "<group>"; };
		4DE4C69127C6215D00FA7E77 /* LoginHeaderView.swift */ = {isa = PBXFileReference; lastKnownFileType = sourcecode.swift; path = LoginHeaderView.swift; sourceTree = "<group>"; };
		4DE4C69C27C6A37400FA7E77 /* UIColorFromHex.swift */ = {isa = PBXFileReference; lastKnownFileType = sourcecode.swift; path = UIColorFromHex.swift; sourceTree = "<group>"; };
		4DE4C69E27C6A3A400FA7E77 /* UIImageAlphaChange.swift */ = {isa = PBXFileReference; lastKnownFileType = sourcecode.swift; path = UIImageAlphaChange.swift; sourceTree = "<group>"; };
		4DE4C6A327C6A6E200FA7E77 /* ButtonDelegate.swift */ = {isa = PBXFileReference; lastKnownFileType = sourcecode.swift; path = ButtonDelegate.swift; sourceTree = "<group>"; };
		4DE4C6A727C6CE3C00FA7E77 /* PostTableViewCell.swift */ = {isa = PBXFileReference; lastKnownFileType = sourcecode.swift; path = PostTableViewCell.swift; sourceTree = "<group>"; };
		4DE4C6A927C6CED900FA7E77 /* Setupable.swift */ = {isa = PBXFileReference; lastKnownFileType = sourcecode.swift; path = Setupable.swift; sourceTree = "<group>"; };
		4DE4C6AB27C7FB3700FA7E77 /* testPosts.swift */ = {isa = PBXFileReference; lastKnownFileType = sourcecode.swift; path = testPosts.swift; sourceTree = "<group>"; };
		4DE5ACBC27C9122A00471282 /* PhotosTableViewCell.swift */ = {isa = PBXFileReference; lastKnownFileType = sourcecode.swift; path = PhotosTableViewCell.swift; sourceTree = "<group>"; };
		4DE5ACBE27C94DF300471282 /* testPhoto.swift */ = {isa = PBXFileReference; lastKnownFileType = sourcecode.swift; path = testPhoto.swift; sourceTree = "<group>"; };
		4DE5ACC027C95EA300471282 /* DefaultHeader.swift */ = {isa = PBXFileReference; lastKnownFileType = sourcecode.swift; path = DefaultHeader.swift; sourceTree = "<group>"; };
		4DE5ACC227CA2CCC00471282 /* PhotosViewController.swift */ = {isa = PBXFileReference; lastKnownFileType = sourcecode.swift; path = PhotosViewController.swift; sourceTree = "<group>"; };
		4DE5ACC427CA2D3C00471282 /* PhotosCollectionViewCell.swift */ = {isa = PBXFileReference; lastKnownFileType = sourcecode.swift; path = PhotosCollectionViewCell.swift; sourceTree = "<group>"; };
		4DE5ACC627CA79DD00471282 /* GestureViewController.swift */ = {isa = PBXFileReference; lastKnownFileType = sourcecode.swift; path = GestureViewController.swift; sourceTree = "<group>"; };
		4DF831DA27B7D913005FA36D /* ProfileHeader.swift */ = {isa = PBXFileReference; lastKnownFileType = sourcecode.swift; path = ProfileHeader.swift; sourceTree = "<group>"; };
		4DF831E127BBFD14005FA36D /* HideKeyboard.swift */ = {isa = PBXFileReference; lastKnownFileType = sourcecode.swift; path = HideKeyboard.swift; sourceTree = "<group>"; };
/* End PBXFileReference section */

/* Begin PBXFrameworksBuildPhase section */
		4DBB481E27B5165900B4E989 /* Frameworks */ = {
			isa = PBXFrameworksBuildPhase;
			buildActionMask = 2147483647;
			files = (
			);
			runOnlyForDeploymentPostprocessing = 0;
		};
/* End PBXFrameworksBuildPhase section */

/* Begin PBXGroup section */
		4DBB481827B5165900B4E989 = {
			isa = PBXGroup;
			children = (
				4DBB482327B5165900B4E989 /* Navigation */,
				4DBB482227B5165900B4E989 /* Products */,
			);
			sourceTree = "<group>";
		};
		4DBB482227B5165900B4E989 /* Products */ = {
			isa = PBXGroup;
			children = (
				4DBB482127B5165900B4E989 /* Navigation.app */,
			);
			name = Products;
			sourceTree = "<group>";
		};
		4DBB482327B5165900B4E989 /* Navigation */ = {
			isa = PBXGroup;
			children = (
				4DDD35BD27B69A0F00A5C29B /* Delegate */,
				4DE4C69727C6A2B800FA7E77 /* Core */,
				4DDD35C327B69A6D00A5C29B /* Presentation */,
				4DE4C6A127C6A3EB00FA7E77 /* Resourses */,
			);
			path = Navigation;
			sourceTree = "<group>";
		};
		4DDD35BD27B69A0F00A5C29B /* Delegate */ = {
			isa = PBXGroup;
			children = (
				4DBB482427B5165900B4E989 /* AppDelegate.swift */,
				4DBB482627B5165900B4E989 /* SceneDelegate.swift */,
			);
			path = Delegate;
			sourceTree = "<group>";
		};
		4DDD35C327B69A6D00A5C29B /* Presentation */ = {
			isa = PBXGroup;
			children = (
				4DE4C69A27C6A32900FA7E77 /* Modules */,
				4DE4C69B27C6A34900FA7E77 /* Extention */,
				4DE4C6A227C6A69400FA7E77 /* Protocols */,
			);
			path = Presentation;
			sourceTree = "<group>";
		};
		4DE4C69427C6A25200FA7E77 /* Feed */ = {
			isa = PBXGroup;
			children = (
				4DDD35BB27B699F500A5C29B /* FeedViewController.swift */,
			);
			path = Feed;
			sourceTree = "<group>";
		};
		4DE4C69527C6A27100FA7E77 /* Post */ = {
			isa = PBXGroup;
			children = (
				4DDD35C127B69A6800A5C29B /* PostViewController.swift */,
				4DD8774D27B7AC3E000031F4 /* InfoViewController.swift */,
				4DD8775127B7B0A7000031F4 /* AlertController.swift */,
			);
			path = Post;
			sourceTree = "<group>";
		};
		4DE4C69727C6A2B800FA7E77 /* Core */ = {
			isa = PBXGroup;
			children = (
				4DE4C69827C6A2D200FA7E77 /* Models */,
			);
			path = Core;
			sourceTree = "<group>";
		};
		4DE4C69827C6A2D200FA7E77 /* Models */ = {
			isa = PBXGroup;
			children = (
				4DD8774B27B79AC8000031F4 /* Post.swift */,
			);
			path = Models;
			sourceTree = "<group>";
		};
		4DE4C69A27C6A32900FA7E77 /* Modules */ = {
			isa = PBXGroup;
			children = (
				4DE4C6A527C6A72A00FA7E77 /* TabBar */,
				4DF831DC27B7D928005FA36D /* Profile */,
				4DE4C69427C6A25200FA7E77 /* Feed */,
				4DE4C69527C6A27100FA7E77 /* Post */,
				4DE5ACC627CA79DD00471282 /* GestureViewController.swift */,
			);
			path = Modules;
			sourceTree = "<group>";
		};
		4DE4C69B27C6A34900FA7E77 /* Extention */ = {
			isa = PBXGroup;
			children = (
				4DF831E127BBFD14005FA36D /* HideKeyboard.swift */,
				4DE4C69C27C6A37400FA7E77 /* UIColorFromHex.swift */,
				4DE4C69E27C6A3A400FA7E77 /* UIImageAlphaChange.swift */,
			);
			path = Extention;
			sourceTree = "<group>";
		};
		4DE4C6A027C6A3D200FA7E77 /* HeaderView */ = {
			isa = PBXGroup;
			children = (
				4DE4C69127C6215D00FA7E77 /* LoginHeaderView.swift */,
				4DF831DA27B7D913005FA36D /* ProfileHeader.swift */,
				4DE5ACC027C95EA300471282 /* DefaultHeader.swift */,
			);
			path = HeaderView;
			sourceTree = "<group>";
		};
		4DE4C6A127C6A3EB00FA7E77 /* Resourses */ = {
			isa = PBXGroup;
			children = (
				4DBB482D27B5165B00B4E989 /* Assets.xcassets */,
				4DBB482F27B5165B00B4E989 /* LaunchScreen.storyboard */,
				4DBB483227B5165B00B4E989 /* Info.plist */,
				4DE4C6AB27C7FB3700FA7E77 /* testPosts.swift */,
				4DE5ACBE27C94DF300471282 /* testPhoto.swift */,
			);
			path = Resourses;
			sourceTree = "<group>";
		};
		4DE4C6A227C6A69400FA7E77 /* Protocols */ = {
			isa = PBXGroup;
			children = (
				4DE4C6A327C6A6E200FA7E77 /* ButtonDelegate.swift */,
				4DE4C6A927C6CED900FA7E77 /* Setupable.swift */,
			);
			path = Protocols;
			sourceTree = "<group>";
		};
		4DE4C6A527C6A72A00FA7E77 /* TabBar */ = {
			isa = PBXGroup;
			children = (
				4DD8775327B7CEC3000031F4 /* TabBarController.swift */,
			);
			path = TabBar;
			sourceTree = "<group>";
		};
		4DE4C6A627C6CE0100FA7E77 /* Cell */ = {
			isa = PBXGroup;
			children = (
				4DE4C6A727C6CE3C00FA7E77 /* PostTableViewCell.swift */,
				4DE5ACBC27C9122A00471282 /* PhotosTableViewCell.swift */,
				4DE5ACC427CA2D3C00471282 /* PhotosCollectionViewCell.swift */,
			);
			name = Cell;
			path = HeaderView;
			sourceTree = "<group>";
		};
		4DF831DC27B7D928005FA36D /* Profile */ = {
			isa = PBXGroup;
			children = (
				4DE4C68F27C61EBD00FA7E77 /* LogInViewController.swift */,
				4DDD35BF27B69A5400A5C29B /* ProfileViewController.swift */,
				4DE5ACC227CA2CCC00471282 /* PhotosViewController.swift */,
				4D26B9F027EF6D9500AADB76 /* LoginAlertController.swift */,
				4DE4C6A027C6A3D200FA7E77 /* HeaderView */,
				4DE4C6A627C6CE0100FA7E77 /* Cell */,
			);
			path = Profile;
			sourceTree = "<group>";
		};
/* End PBXGroup section */

/* Begin PBXNativeTarget section */
		4DBB482027B5165900B4E989 /* Navigation */ = {
			isa = PBXNativeTarget;
			buildConfigurationList = 4DBB483527B5165B00B4E989 /* Build configuration list for PBXNativeTarget "Navigation" */;
			buildPhases = (
				4DBB481D27B5165900B4E989 /* Sources */,
				4DBB481E27B5165900B4E989 /* Frameworks */,
				4DBB481F27B5165900B4E989 /* Resources */,
			);
			buildRules = (
			);
			dependencies = (
			);
			name = Navigation;
			productName = Navigation;
			productReference = 4DBB482127B5165900B4E989 /* Navigation.app */;
			productType = "com.apple.product-type.application";
		};
/* End PBXNativeTarget section */

/* Begin PBXProject section */
		4DBB481927B5165900B4E989 /* Project object */ = {
			isa = PBXProject;
			attributes = {
				BuildIndependentTargetsInParallel = 1;
				LastSwiftUpdateCheck = 1320;
				LastUpgradeCheck = 1320;
				TargetAttributes = {
					4DBB482027B5165900B4E989 = {
						CreatedOnToolsVersion = 13.2.1;
					};
				};
			};
			buildConfigurationList = 4DBB481C27B5165900B4E989 /* Build configuration list for PBXProject "Navigation" */;
			compatibilityVersion = "Xcode 13.0";
			developmentRegion = en;
			hasScannedForEncodings = 0;
			knownRegions = (
				en,
				Base,
			);
			mainGroup = 4DBB481827B5165900B4E989;
			productRefGroup = 4DBB482227B5165900B4E989 /* Products */;
			projectDirPath = "";
			projectRoot = "";
			targets = (
				4DBB482027B5165900B4E989 /* Navigation */,
			);
		};
/* End PBXProject section */

/* Begin PBXResourcesBuildPhase section */
		4DBB481F27B5165900B4E989 /* Resources */ = {
			isa = PBXResourcesBuildPhase;
			buildActionMask = 2147483647;
			files = (
				4DBB483127B5165B00B4E989 /* LaunchScreen.storyboard in Resources */,
				4DBB482E27B5165B00B4E989 /* Assets.xcassets in Resources */,
			);
			runOnlyForDeploymentPostprocessing = 0;
		};
/* End PBXResourcesBuildPhase section */

/* Begin PBXSourcesBuildPhase section */
		4DBB481D27B5165900B4E989 /* Sources */ = {
			isa = PBXSourcesBuildPhase;
			buildActionMask = 2147483647;
			files = (
				4DE5ACBD27C9122B00471282 /* PhotosTableViewCell.swift in Sources */,
				4DE4C6A427C6A6E200FA7E77 /* ButtonDelegate.swift in Sources */,
				4DF831E227BBFD14005FA36D /* HideKeyboard.swift in Sources */,
				4DE5ACC727CA79DD00471282 /* GestureViewController.swift in Sources */,
				4DE4C6A827C6CE3C00FA7E77 /* PostTableViewCell.swift in Sources */,
				4DE5ACC127C95EA300471282 /* DefaultHeader.swift in Sources */,
				4DE5ACC527CA2D3C00471282 /* PhotosCollectionViewCell.swift in Sources */,
				4DE4C69F27C6A3A400FA7E77 /* UIImageAlphaChange.swift in Sources */,
				4DE4C69D27C6A37400FA7E77 /* UIColorFromHex.swift in Sources */,
				4DDD35C227B69A6800A5C29B /* PostViewController.swift in Sources */,
				4DE4C6AC27C7FB3700FA7E77 /* testPosts.swift in Sources */,
				4DBB482527B5165900B4E989 /* AppDelegate.swift in Sources */,
				4DDD35C027B69A5400A5C29B /* ProfileViewController.swift in Sources */,
				4DE4C6AA27C6CED900FA7E77 /* Setupable.swift in Sources */,
				4D26B9F127EF6D9500AADB76 /* LoginAlertController.swift in Sources */,
				4DE5ACC327CA2CCC00471282 /* PhotosViewController.swift in Sources */,
				4DD8775427B7CEC3000031F4 /* TabBarController.swift in Sources */,
				4DD8774E27B7AC3E000031F4 /* InfoViewController.swift in Sources */,
				4DD8775227B7B0A7000031F4 /* AlertController.swift in Sources */,
				4DD8774C27B79AC8000031F4 /* Post.swift in Sources */,
				4DE4C69227C6215E00FA7E77 /* LoginHeaderView.swift in Sources */,
				4DE5ACBF27C94DF300471282 /* testPhoto.swift in Sources */,
				4DE4C69027C61EBD00FA7E77 /* LogInViewController.swift in Sources */,
				4DF831DB27B7D913005FA36D /* ProfileHeader.swift in Sources */,
				4DDD35BC27B699F500A5C29B /* FeedViewController.swift in Sources */,
				4DBB482727B5165900B4E989 /* SceneDelegate.swift in Sources */,
			);
			runOnlyForDeploymentPostprocessing = 0;
		};
/* End PBXSourcesBuildPhase section */

/* Begin PBXVariantGroup section */
		4DBB482F27B5165B00B4E989 /* LaunchScreen.storyboard */ = {
			isa = PBXVariantGroup;
			children = (
				4DBB483027B5165B00B4E989 /* Base */,
			);
			name = LaunchScreen.storyboard;
			sourceTree = "<group>";
		};
/* End PBXVariantGroup section */

/* Begin XCBuildConfiguration section */
		4DBB483327B5165B00B4E989 /* Debug */ = {
			isa = XCBuildConfiguration;
			buildSettings = {
				ALWAYS_SEARCH_USER_PATHS = NO;
				CLANG_ANALYZER_NONNULL = YES;
				CLANG_ANALYZER_NUMBER_OBJECT_CONVERSION = YES_AGGRESSIVE;
				CLANG_CXX_LANGUAGE_STANDARD = "gnu++17";
				CLANG_CXX_LIBRARY = "libc++";
				CLANG_ENABLE_MODULES = YES;
				CLANG_ENABLE_OBJC_ARC = YES;
				CLANG_ENABLE_OBJC_WEAK = YES;
				CLANG_WARN_BLOCK_CAPTURE_AUTORELEASING = YES;
				CLANG_WARN_BOOL_CONVERSION = YES;
				CLANG_WARN_COMMA = YES;
				CLANG_WARN_CONSTANT_CONVERSION = YES;
				CLANG_WARN_DEPRECATED_OBJC_IMPLEMENTATIONS = YES;
				CLANG_WARN_DIRECT_OBJC_ISA_USAGE = YES_ERROR;
				CLANG_WARN_DOCUMENTATION_COMMENTS = YES;
				CLANG_WARN_EMPTY_BODY = YES;
				CLANG_WARN_ENUM_CONVERSION = YES;
				CLANG_WARN_INFINITE_RECURSION = YES;
				CLANG_WARN_INT_CONVERSION = YES;
				CLANG_WARN_NON_LITERAL_NULL_CONVERSION = YES;
				CLANG_WARN_OBJC_IMPLICIT_RETAIN_SELF = YES;
				CLANG_WARN_OBJC_LITERAL_CONVERSION = YES;
				CLANG_WARN_OBJC_ROOT_CLASS = YES_ERROR;
				CLANG_WARN_QUOTED_INCLUDE_IN_FRAMEWORK_HEADER = YES;
				CLANG_WARN_RANGE_LOOP_ANALYSIS = YES;
				CLANG_WARN_STRICT_PROTOTYPES = YES;
				CLANG_WARN_SUSPICIOUS_MOVE = YES;
				CLANG_WARN_UNGUARDED_AVAILABILITY = YES_AGGRESSIVE;
				CLANG_WARN_UNREACHABLE_CODE = YES;
				CLANG_WARN__DUPLICATE_METHOD_MATCH = YES;
				COPY_PHASE_STRIP = NO;
				DEBUG_INFORMATION_FORMAT = dwarf;
				ENABLE_STRICT_OBJC_MSGSEND = YES;
				ENABLE_TESTABILITY = YES;
				GCC_C_LANGUAGE_STANDARD = gnu11;
				GCC_DYNAMIC_NO_PIC = NO;
				GCC_NO_COMMON_BLOCKS = YES;
				GCC_OPTIMIZATION_LEVEL = 0;
				GCC_PREPROCESSOR_DEFINITIONS = (
					"DEBUG=1",
					"$(inherited)",
				);
				GCC_WARN_64_TO_32_BIT_CONVERSION = YES;
				GCC_WARN_ABOUT_RETURN_TYPE = YES_ERROR;
				GCC_WARN_UNDECLARED_SELECTOR = YES;
				GCC_WARN_UNINITIALIZED_AUTOS = YES_AGGRESSIVE;
				GCC_WARN_UNUSED_FUNCTION = YES;
				GCC_WARN_UNUSED_VARIABLE = YES;
				IPHONEOS_DEPLOYMENT_TARGET = 15.2;
				MTL_ENABLE_DEBUG_INFO = INCLUDE_SOURCE;
				MTL_FAST_MATH = YES;
				ONLY_ACTIVE_ARCH = YES;
				SDKROOT = iphoneos;
				SWIFT_ACTIVE_COMPILATION_CONDITIONS = DEBUG;
				SWIFT_OPTIMIZATION_LEVEL = "-Onone";
			};
			name = Debug;
		};
		4DBB483427B5165B00B4E989 /* Release */ = {
			isa = XCBuildConfiguration;
			buildSettings = {
				ALWAYS_SEARCH_USER_PATHS = NO;
				CLANG_ANALYZER_NONNULL = YES;
				CLANG_ANALYZER_NUMBER_OBJECT_CONVERSION = YES_AGGRESSIVE;
				CLANG_CXX_LANGUAGE_STANDARD = "gnu++17";
				CLANG_CXX_LIBRARY = "libc++";
				CLANG_ENABLE_MODULES = YES;
				CLANG_ENABLE_OBJC_ARC = YES;
				CLANG_ENABLE_OBJC_WEAK = YES;
				CLANG_WARN_BLOCK_CAPTURE_AUTORELEASING = YES;
				CLANG_WARN_BOOL_CONVERSION = YES;
				CLANG_WARN_COMMA = YES;
				CLANG_WARN_CONSTANT_CONVERSION = YES;
				CLANG_WARN_DEPRECATED_OBJC_IMPLEMENTATIONS = YES;
				CLANG_WARN_DIRECT_OBJC_ISA_USAGE = YES_ERROR;
				CLANG_WARN_DOCUMENTATION_COMMENTS = YES;
				CLANG_WARN_EMPTY_BODY = YES;
				CLANG_WARN_ENUM_CONVERSION = YES;
				CLANG_WARN_INFINITE_RECURSION = YES;
				CLANG_WARN_INT_CONVERSION = YES;
				CLANG_WARN_NON_LITERAL_NULL_CONVERSION = YES;
				CLANG_WARN_OBJC_IMPLICIT_RETAIN_SELF = YES;
				CLANG_WARN_OBJC_LITERAL_CONVERSION = YES;
				CLANG_WARN_OBJC_ROOT_CLASS = YES_ERROR;
				CLANG_WARN_QUOTED_INCLUDE_IN_FRAMEWORK_HEADER = YES;
				CLANG_WARN_RANGE_LOOP_ANALYSIS = YES;
				CLANG_WARN_STRICT_PROTOTYPES = YES;
				CLANG_WARN_SUSPICIOUS_MOVE = YES;
				CLANG_WARN_UNGUARDED_AVAILABILITY = YES_AGGRESSIVE;
				CLANG_WARN_UNREACHABLE_CODE = YES;
				CLANG_WARN__DUPLICATE_METHOD_MATCH = YES;
				COPY_PHASE_STRIP = NO;
				DEBUG_INFORMATION_FORMAT = "dwarf-with-dsym";
				ENABLE_NS_ASSERTIONS = NO;
				ENABLE_STRICT_OBJC_MSGSEND = YES;
				GCC_C_LANGUAGE_STANDARD = gnu11;
				GCC_NO_COMMON_BLOCKS = YES;
				GCC_WARN_64_TO_32_BIT_CONVERSION = YES;
				GCC_WARN_ABOUT_RETURN_TYPE = YES_ERROR;
				GCC_WARN_UNDECLARED_SELECTOR = YES;
				GCC_WARN_UNINITIALIZED_AUTOS = YES_AGGRESSIVE;
				GCC_WARN_UNUSED_FUNCTION = YES;
				GCC_WARN_UNUSED_VARIABLE = YES;
				IPHONEOS_DEPLOYMENT_TARGET = 15.2;
				MTL_ENABLE_DEBUG_INFO = NO;
				MTL_FAST_MATH = YES;
				SDKROOT = iphoneos;
				SWIFT_COMPILATION_MODE = wholemodule;
				SWIFT_OPTIMIZATION_LEVEL = "-O";
				VALIDATE_PRODUCT = YES;
			};
			name = Release;
		};
		4DBB483627B5165B00B4E989 /* Debug */ = {
			isa = XCBuildConfiguration;
			buildSettings = {
				ASSETCATALOG_COMPILER_APPICON_NAME = AppIcon;
				ASSETCATALOG_COMPILER_GLOBAL_ACCENT_COLOR_NAME = AccentColor;
				CODE_SIGN_STYLE = Automatic;
				CURRENT_PROJECT_VERSION = 1;
				DEVELOPMENT_TEAM = 29FYHCZ9A5;
				GENERATE_INFOPLIST_FILE = YES;
				INFOPLIST_FILE = Navigation/Resourses/Info.plist;
				INFOPLIST_KEY_UIApplicationSupportsIndirectInputEvents = YES;
				INFOPLIST_KEY_UILaunchStoryboardName = LaunchScreen;
				INFOPLIST_KEY_UISupportedInterfaceOrientations_iPad = "UIInterfaceOrientationPortrait UIInterfaceOrientationPortraitUpsideDown UIInterfaceOrientationLandscapeLeft UIInterfaceOrientationLandscapeRight";
				INFOPLIST_KEY_UISupportedInterfaceOrientations_iPhone = "UIInterfaceOrientationPortrait UIInterfaceOrientationLandscapeLeft UIInterfaceOrientationLandscapeRight";
				LD_RUNPATH_SEARCH_PATHS = (
					"$(inherited)",
					"@executable_path/Frameworks",
				);
				MARKETING_VERSION = 1.0;
				PRODUCT_BUNDLE_IDENTIFIER = kkrasavin.Navigation;
				PRODUCT_NAME = "$(TARGET_NAME)";
				SWIFT_EMIT_LOC_STRINGS = YES;
				SWIFT_VERSION = 5.0;
				TARGETED_DEVICE_FAMILY = "1,2";
			};
			name = Debug;
		};
		4DBB483727B5165B00B4E989 /* Release */ = {
			isa = XCBuildConfiguration;
			buildSettings = {
				ASSETCATALOG_COMPILER_APPICON_NAME = AppIcon;
				ASSETCATALOG_COMPILER_GLOBAL_ACCENT_COLOR_NAME = AccentColor;
				CODE_SIGN_STYLE = Automatic;
				CURRENT_PROJECT_VERSION = 1;
				DEVELOPMENT_TEAM = 29FYHCZ9A5;
				GENERATE_INFOPLIST_FILE = YES;
				INFOPLIST_FILE = Navigation/Resourses/Info.plist;
				INFOPLIST_KEY_UIApplicationSupportsIndirectInputEvents = YES;
				INFOPLIST_KEY_UILaunchStoryboardName = LaunchScreen;
				INFOPLIST_KEY_UISupportedInterfaceOrientations_iPad = "UIInterfaceOrientationPortrait UIInterfaceOrientationPortraitUpsideDown UIInterfaceOrientationLandscapeLeft UIInterfaceOrientationLandscapeRight";
				INFOPLIST_KEY_UISupportedInterfaceOrientations_iPhone = "UIInterfaceOrientationPortrait UIInterfaceOrientationLandscapeLeft UIInterfaceOrientationLandscapeRight";
				LD_RUNPATH_SEARCH_PATHS = (
					"$(inherited)",
					"@executable_path/Frameworks",
				);
				MARKETING_VERSION = 1.0;
				PRODUCT_BUNDLE_IDENTIFIER = kkrasavin.Navigation;
				PRODUCT_NAME = "$(TARGET_NAME)";
				SWIFT_EMIT_LOC_STRINGS = YES;
				SWIFT_VERSION = 5.0;
				TARGETED_DEVICE_FAMILY = "1,2";
			};
			name = Release;
		};
/* End XCBuildConfiguration section */

/* Begin XCConfigurationList section */
		4DBB481C27B5165900B4E989 /* Build configuration list for PBXProject "Navigation" */ = {
			isa = XCConfigurationList;
			buildConfigurations = (
				4DBB483327B5165B00B4E989 /* Debug */,
				4DBB483427B5165B00B4E989 /* Release */,
			);
			defaultConfigurationIsVisible = 0;
			defaultConfigurationName = Release;
		};
		4DBB483527B5165B00B4E989 /* Build configuration list for PBXNativeTarget "Navigation" */ = {
			isa = XCConfigurationList;
			buildConfigurations = (
				4DBB483627B5165B00B4E989 /* Debug */,
				4DBB483727B5165B00B4E989 /* Release */,
			);
			defaultConfigurationIsVisible = 0;
			defaultConfigurationName = Release;
		};
/* End XCConfigurationList section */
	};
	rootObject = 4DBB481927B5165900B4E989 /* Project object */;
}
